Microsoft Visual Studio Solution File, Format Version 12.00
# Visual Studio 2012
Project("{FAE04EC0-301F-11D3-BF4B-00C04F79EFBC}") = "Untitled Stacker Game", "Untitled Stacker Game.csproj", "{348520CA-A8BD-4C7B-9B96-AAA56DFE962B}"
EndProject
Global
	GlobalSection(SolutionConfigurationPlatforms) = preSolution
	Debug|Any CPU = Debug|Any CPU
	ExportDebug|Any CPU = ExportDebug|Any CPU
	ExportRelease|Any CPU = ExportRelease|Any CPU
	EndGlobalSection
	GlobalSection(ProjectConfigurationPlatforms) = postSolution
		{348520CA-A8BD-4C7B-9B96-AAA56DFE962B}.Debug|Any CPU.ActiveCfg = Debug|Any CPU
		{348520CA-A8BD-4C7B-9B96-AAA56DFE962B}.Debug|Any CPU.Build.0 = Debug|Any CPU
		{348520CA-A8BD-4C7B-9B96-AAA56DFE962B}.ExportDebug|Any CPU.ActiveCfg = ExportDebug|Any CPU
		{348520CA-A8BD-4C7B-9B96-AAA56DFE962B}.ExportDebug|Any CPU.Build.0 = ExportDebug|Any CPU
		{348520CA-A8BD-4C7B-9B96-AAA56DFE962B}.ExportRelease|Any CPU.ActiveCfg = ExportRelease|Any CPU
		{348520CA-A8BD-4C7B-9B96-AAA56DFE962B}.ExportRelease|Any CPU.Build.0 = ExportRelease|Any CPU
	EndGlobalSection
EndGlobal
